
Microsoft Visual Studio Solution File, Format Version 12.00
Project("{FAE04EC0-301F-11D3-BF4B-00C04F79EFBC}") = "Persistence.InMemory", "src\Persistence.InMemory\Persistence.InMemory.csproj", "{B01AD0D9-7B87-4B9A-8AFD-1F04FA12D35F}"
EndProject
Project("{FAE04EC0-301F-11D3-BF4B-00C04F79EFBC}") = "Persistence.InMemory.Tests", "src\Persistence.InMemory.Tests\Persistence.InMemory.Tests.csproj", "{55F68740-544B-487B-A8A7-AEC631AA71C2}"
EndProject
Global
	GlobalSection(SolutionConfigurationPlatforms) = preSolution
		Debug|Any CPU = Debug|Any CPU
		Release|Any CPU = Release|Any CPU
	EndGlobalSection
	GlobalSection(ProjectConfigurationPlatforms) = postSolution
		{B01AD0D9-7B87-4B9A-8AFD-1F04FA12D35F}.Debug|Any CPU.ActiveCfg = Debug|Any CPU
		{B01AD0D9-7B87-4B9A-8AFD-1F04FA12D35F}.Debug|Any CPU.Build.0 = Debug|Any CPU
		{B01AD0D9-7B87-4B9A-8AFD-1F04FA12D35F}.Release|Any CPU.ActiveCfg = Release|Any CPU
		{B01AD0D9-7B87-4B9A-8AFD-1F04FA12D35F}.Release|Any CPU.Build.0 = Release|Any CPU
		{55F68740-544B-487B-A8A7-AEC631AA71C2}.Debug|Any CPU.ActiveCfg = Debug|Any CPU
		{55F68740-544B-487B-A8A7-AEC631AA71C2}.Debug|Any CPU.Build.0 = Debug|Any CPU
		{55F68740-544B-487B-A8A7-AEC631AA71C2}.Release|Any CPU.ActiveCfg = Release|Any CPU
		{55F68740-544B-487B-A8A7-AEC631AA71C2}.Release|Any CPU.Build.0 = Release|Any CPU
	EndGlobalSection
EndGlobal
